hash: c06d7e92ca96689a00c047c7cf6de5ce3bc3fdeb7e6f23e86501cfffcf1038a9
updated: 2019-04-17T13:21:24.115781+02:00
imports:
- name: github.com/armon/go-radix
  version: 1fca145dffbcaa8fe914309b1ec0cfc67500fe61
- name: github.com/aws/aws-sdk-go
  version: cf58d169c2d60e36f54964ceb4b9baa3434dbfe7
  subpackages:
  - aws
  - aws/awserr
  - aws/awsutil
  - aws/client
  - aws/client/metadata
  - aws/corehandlers
  - aws/credentials
  - aws/credentials/ec2rolecreds
  - aws/credentials/endpointcreds
  - aws/credentials/processcreds
  - aws/credentials/stscreds
  - aws/csm
  - aws/defaults
  - aws/ec2metadata
  - aws/endpoints
  - aws/request
  - aws/session
  - aws/signer/v4
  - internal/ini
  - internal/sdkio
  - internal/sdkrand
  - internal/sdkuri
  - internal/shareddefaults
  - private/protocol
  - private/protocol/query
  - private/protocol/query/queryutil
  - private/protocol/rest
  - private/protocol/xml/xmlutil
  - service/sts
- name: github.com/golang/protobuf
  version: 83cd65fc365ace80eb6b6ecfc45203e43edfbc70
  subpackages:
  - proto
  - ptypes
  - ptypes/any
  - ptypes/duration
  - ptypes/timestamp
- name: github.com/golang/snappy
  version: 553a641470496b2327abcac10b36396bd98e45c9
- name: github.com/hashicorp/errwrap
  version: 7554cd9344cec97297fa6649b055a8c98c2a1e55
- name: github.com/hashicorp/go-hclog
  version: b39b96628f4f5079b214abead0e93e91ac29f9cf
- name: github.com/hashicorp/go-immutable-radix
  version: 27df80928bb34bb1b0d6d0e01b9e679902e7a6b5
- name: github.com/hashicorp/go-multierror
  version: 83588e72410abfbe4df460eeb6f30841ae47d4c4
- name: github.com/hashicorp/go-plugin
  version: 3e6d191694b5a3a2b99755f31b47fa209e4bcd09
- name: github.com/hashicorp/go-sockaddr
  version: c7188e74f6acae5a989bdc959aa779f8b9f42faf
- name: github.com/hashicorp/go-uuid
  version: 64130c7a86d732268a38cb04cfbaf0cc987fda98
- name: github.com/hashicorp/go-version
  version: d40cf49b3a77bba84a7afdbd7f1dc295d114efb1
- name: github.com/hashicorp/golang-lru
  version: 7087cb70de9f7a8bc0a10c375cb0d2280a8edf9c
  subpackages:
  - simplelru
- name: github.com/hashicorp/vault
  version: 71d635293d6521fe1cb37bd0080447c4cb38dc90
  subpackages:
  - sdk/helper/certutil
  - sdk/helper/compressutil
  - sdk/helper/consts
  - sdk/helper/cryptoutil
  - sdk/helper/errutil
  - sdk/helper/jsonutil
  - sdk/helper/license
  - sdk/helper/locksutil
  - sdk/helper/logging
  - sdk/helper/mlock
  - sdk/helper/pathmanager
  - sdk/helper/pluginutil
  - sdk/helper/wrapping
  - sdk/logical
  - sdk/physical
  - sdk/physical/inmem
  - sdk/version
- name: github.com/hashicorp/yamux
  version: d1caa6c97c9fc1cc9e83bbe34d0603f9ff0ce8bd
- name: github.com/jmespath/go-jmespath
  version: bd40a432e4c76585ef6b72d3fd96fb9b6dc7b68d
- name: github.com/mitchellh/go-testing-interface
  version: 9a441910b16872f7b8283682619b3761a9aa2222
- name: github.com/mitchellh/mapstructure
  version: d0303fe809921458f417bcf828397a65db30a7e4
- name: github.com/namsral/flag
  version: 71ceffbeb0ba60fccc853971bb3ed4d7d90bfd04
- name: github.com/pierrec/lz4
  version: 9419d2361c8ae111073ffe3337ecc364fb590921
  subpackages:
  - internal/xxh32
- name: github.com/pkg/errors
  version: ba968bfe8b2f7e042a574c888954fccecfa385b4
- name: golang.org/x/crypto
  version: 88737f569e3a9c7ab309cdc09a07fe7fc87233c3
  subpackages:
  - blake2b
- name: golang.org/x/net
  version: 66aacef3dd8a676686c7ae3716979581e8b03c47
  subpackages:
  - context
  - http2
  - http2/hpack
  - idna
  - internal/timeseries
  - lex/httplex
  - trace
- name: golang.org/x/sys
  version: 12500544f89f9420afe9529ba8940bf72d294972
  subpackages:
  - cpu
  - unix
- name: golang.org/x/text
  version: e113a52b01bdd1744681b6ce70c2e3d26b58d389
  subpackages:
  - secure/bidirule
  - transform
  - unicode/bidi
  - unicode/norm
- name: google.golang.org/genproto
  version: ee236bd376b077c7a89f260c026c4735b195e459
  subpackages:
  - googleapis/rpc/status
- name: google.golang.org/grpc
  version: 8233e124e4634a8313f2c9a1ea7d4db33546b11b
  subpackages:
  - balancer
  - codes
  - connectivity
  - credentials
  - grpclb/grpc_lb_v1/messages
  - grpclog
  - health
  - health/grpc_health_v1
  - internal
  - keepalive
  - metadata
  - naming
  - peer
  - resolver
  - stats
  - status
  - tap
  - transport
testImports: []
